// !$*UTF8*$!
{
	archiveVersion = 1;
	classes = {
	};
	objectVersion = 46;
	objects = {

/* Begin PBXAggregateTarget section */
		980BE6371812B8F0008B53EE /* TCellPushNotification */ = {
			isa = PBXAggregateTarget;
			buildConfigurationList = 980BE6381812B8F0008B53EE /* Build configuration list for PBXAggregateTarget "TCellPushNotification" */;
			buildPhases = (
				980BE63B1812B902008B53EE /* Build Static Libs */,
				980BE63C1812B91B008B53EE /* Build Universal Framework */,
			);
			dependencies = (
			);
			name = TCellPushNotification;
			productName = PushNotificationFramework;
		};
/* End PBXAggregateTarget section */

/* Begin PBXBuildFile section */
		980BE6121812B8AF008B53EE /* Foundation.framework in Frameworks */ = {isa = PBXBuildFile; fileRef = 980BE6111812B8AF008B53EE /* Foundation.framework */; };
		980BE6451812BAC0008B53EE /* TCellNotificationManager.m in Sources */ = {isa = PBXBuildFile; fileRef = 980BE63D1812BAC0008B53EE /* TCellNotificationManager.m */; };
		980BE6471812BAC0008B53EE /* TCellNotificationSettings.m in Sources */ = {isa = PBXBuildFile; fileRef = 980BE6411812BAC0008B53EE /* TCellNotificationSettings.m */; };
		980BE65D1812BAF1008B53EE /* AFHTTPClient.m in Sources */ = {isa = PBXBuildFile; fileRef = 980BE64B1812BAF1008B53EE /* AFHTTPClient.m */; };
		980BE65E1812BAF1008B53EE /* AFHTTPRequestOperation.m in Sources */ = {isa = PBXBuildFile; fileRef = 980BE64D1812BAF1008B53EE /* AFHTTPRequestOperation.m */; };
		980BE65F1812BAF1008B53EE /* AFImageRequestOperation.m in Sources */ = {isa = PBXBuildFile; fileRef = 980BE64F1812BAF1008B53EE /* AFImageRequestOperation.m */; };
		980BE6601812BAF1008B53EE /* AFJSONRequestOperation.m in Sources */ = {isa = PBXBuildFile; fileRef = 980BE6511812BAF1008B53EE /* AFJSONRequestOperation.m */; };
		980BE6611812BAF1008B53EE /* AFNetworkActivityIndicatorManager.m in Sources */ = {isa = PBXBuildFile; fileRef = 980BE6531812BAF1008B53EE /* AFNetworkActivityIndicatorManager.m */; };
		980BE6621812BAF1008B53EE /* AFPropertyListRequestOperation.m in Sources */ = {isa = PBXBuildFile; fileRef = 980BE6561812BAF1008B53EE /* AFPropertyListRequestOperation.m */; };
		980BE6631812BAF1008B53EE /* AFURLConnectionOperation.m in Sources */ = {isa = PBXBuildFile; fileRef = 980BE6581812BAF1008B53EE /* AFURLConnectionOperation.m */; };
		980BE6641812BAF1008B53EE /* AFXMLRequestOperation.m in Sources */ = {isa = PBXBuildFile; fileRef = 980BE65A1812BAF1008B53EE /* AFXMLRequestOperation.m */; };
		980BE6651812BAF1008B53EE /* UIImageView+AFNetworking.m in Sources */ = {isa = PBXBuildFile; fileRef = 980BE65C1812BAF1008B53EE /* UIImageView+AFNetworking.m */; };
		980BE6671812BB8E008B53EE /* TCellNotificationManager.h in CopyFiles */ = {isa = PBXBuildFile; fileRef = 980BE63E1812BAC0008B53EE /* TCellNotificationManager.h */; };
		980E891118172F150045E63A /* TCellResult.h in CopyFiles */ = {isa = PBXBuildFile; fileRef = 98249F8A1815235200F8D96D /* TCellResult.h */; };
		98244DAF181D8911001F31CB /* SystemConfiguration.framework in Frameworks */ = {isa = PBXBuildFile; fileRef = 988A1C8B1815C39F000BB840 /* SystemConfiguration.framework */; };
		98244DB0181D8918001F31CB /* MobileCoreServices.framework in Frameworks */ = {isa = PBXBuildFile; fileRef = 988A1C8D1815C3B6000BB840 /* MobileCoreServices.framework */; };
		98249F8C1815235200F8D96D /* TCellResult.m in Sources */ = {isa = PBXBuildFile; fileRef = 98249F8B1815235200F8D96D /* TCellResult.m */; };
		98249F8F1815238000F8D96D /* TCellApiResponse.m in Sources */ = {isa = PBXBuildFile; fileRef = 98249F8E1815238000F8D96D /* TCellApiResponse.m */; };
		985276E9185B044700714108 /* Utilities.m in Sources */ = {isa = PBXBuildFile; fileRef = 985276E8185B044700714108 /* Utilities.m */; };
		988276101822F5E900A537F3 /* TCellResultCodeDescription.m in Sources */ = {isa = PBXBuildFile; fileRef = 9882760F1822F5E900A537F3 /* TCellResultCodeDescription.m */; };
		988A1C8F1815C80D000BB840 /* TCellNotificationSettings.h in CopyFiles */ = {isa = PBXBuildFile; fileRef = 980BE6401812BAC0008B53EE /* TCellNotificationSettings.h */; };
		98CD802D181C7B8700CD451B /* GlobalVariables.m in Sources */ = {isa = PBXBuildFile; fileRef = 98CD802A181C7B8700CD451B /* GlobalVariables.m */; };
		98CD802E181C7B8700CD451B /* sha256.m in Sources */ = {isa = PBXBuildFile; fileRef = 98CD802C181C7B8700CD451B /* sha256.m */; };
		98D36B71181D58BD00C870B7 /* TCellApiResponse.h in CopyFiles */ = {isa = PBXBuildFile; fileRef = 98249F8D1815238000F8D96D /* TCellApiResponse.h */; };
/* End PBXBuildFile section */

/* Begin PBXCopyFilesBuildPhase section */
		980BE60C1812B8AF008B53EE /* CopyFiles */ = {
			isa = PBXCopyFilesBuildPhase;
			buildActionMask = 2147483647;
			dstPath = "include/$(PRODUCT_NAME)";
			dstSubfolderSpec = 16;
			files = (
				98D36B71181D58BD00C870B7 /* TCellApiResponse.h in CopyFiles */,
				980E891118172F150045E63A /* TCellResult.h in CopyFiles */,
				988A1C8F1815C80D000BB840 /* TCellNotificationSettings.h in CopyFiles */,
				980BE6671812BB8E008B53EE /* TCellNotificationManager.h in CopyFiles */,
			);
			runOnlyForDeploymentPostprocessing = 0;
		};
/* End PBXCopyFilesBuildPhase section */

/* Begin PBXFileReference section */
		980BE60E1812B8AF008B53EE /* libPushNotification.a */ = {isa = PBXFileReference; explicitFileType = archive.ar; includeInIndex = 0; path = libPushNotification.a; sourceTree = BUILT_PRODUCTS_DIR; };
		980BE6111812B8AF008B53EE /* Foundation.framework */ = {isa = PBXFileReference; lastKnownFileType = wrapper.framework; name = Foundation.framework; path = System/Library/Frameworks/Foundation.framework; sourceTree = SDKROOT; };
		980BE6151812B8AF008B53EE /* PushNotification-Prefix.pch */ = {isa = PBXFileReference; lastKnownFileType = sourcecode.c.h; path = "PushNotification-Prefix.pch"; sourceTree = "<group>"; };
		980BE61F1812B8AF008B53EE /* XCTest.framework */ = {isa = PBXFileReference; lastKnownFileType = wrapper.framework; name = XCTest.framework; path = Library/Frameworks/XCTest.framework; sourceTree = DEVELOPER_DIR; };
		980BE6221812B8AF008B53EE /* UIKit.framework */ = {isa = PBXFileReference; lastKnownFileType = wrapper.framework; name = UIKit.framework; path = Library/Frameworks/UIKit.framework; sourceTree = DEVELOPER_DIR; };
		980BE63D1812BAC0008B53EE /* TCellNotificationManager.m */ = {isa = PBXFileReference; fileEncoding = 4; lastKnownFileType = sourcecode.c.objc; path = TCellNotificationManager.m; sourceTree = "<group>"; };
		980BE63E1812BAC0008B53EE /* TCellNotificationManager.h */ = {isa = PBXFileReference; fileEncoding = 4; lastKnownFileType = sourcecode.c.h; path = TCellNotificationManager.h; sourceTree = "<group>"; };
		980BE6401812BAC0008B53EE /* TCellNotificationSettings.h */ = {isa = PBXFileReference; fileEncoding = 4; lastKnownFileType = sourcecode.c.h; path = TCellNotificationSettings.h; sourceTree = "<group>"; };
		980BE6411812BAC0008B53EE /* TCellNotificationSettings.m */ = {isa = PBXFileReference; fileEncoding = 4; lastKnownFileType = sourcecode.c.objc; path = TCellNotificationSettings.m; sourceTree = "<group>"; };
		980BE64A1812BAF1008B53EE /* AFHTTPClient.h */ = {isa = PBXFileReference; fileEncoding = 4; lastKnownFileType = sourcecode.c.h; path = AFHTTPClient.h; sourceTree = "<group>"; };
		980BE64B1812BAF1008B53EE /* AFHTTPClient.m */ = {isa = PBXFileReference; fileEncoding = 4; lastKnownFileType = sourcecode.c.objc; path = AFHTTPClient.m; sourceTree = "<group>"; };
		980BE64C1812BAF1008B53EE /* AFHTTPRequestOperation.h */ = {isa = PBXFileReference; fileEncoding = 4; lastKnownFileType = sourcecode.c.h; path = AFHTTPRequestOperation.h; sourceTree = "<group>"; };
		980BE64D1812BAF1008B53EE /* AFHTTPRequestOperation.m */ = {isa = PBXFileReference; fileEncoding = 4; lastKnownFileType = sourcecode.c.objc; path = AFHTTPRequestOperation.m; sourceTree = "<group>"; };
		980BE64E1812BAF1008B53EE /* AFImageRequestOperation.h */ = {isa = PBXFileReference; fileEncoding = 4; lastKnownFileType = sourcecode.c.h; path = AFImageRequestOperation.h; sourceTree = "<group>"; };
		980BE64F1812BAF1008B53EE /* AFImageRequestOperation.m */ = {isa = PBXFileReference; fileEncoding = 4; lastKnownFileType = sourcecode.c.objc; path = AFImageRequestOperation.m; sourceTree = "<group>"; };
		980BE6501812BAF1008B53EE /* AFJSONRequestOperation.h */ = {isa = PBXFileReference; fileEncoding = 4; lastKnownFileType = sourcecode.c.h; path = AFJSONRequestOperation.h; sourceTree = "<group>"; };
		980BE6511812BAF1008B53EE /* AFJSONRequestOperation.m */ = {isa = PBXFileReference; fileEncoding = 4; lastKnownFileType = sourcecode.c.objc; path = AFJSONRequestOperation.m; sourceTree = "<group>"; };
		980BE6521812BAF1008B53EE /* AFNetworkActivityIndicatorManager.h */ = {isa = PBXFileReference; fileEncoding = 4; lastKnownFileType = sourcecode.c.h; path = AFNetworkActivityIndicatorManager.h; sourceTree = "<group>"; };
		980BE6531812BAF1008B53EE /* AFNetworkActivityIndicatorManager.m */ = {isa = PBXFileReference; fileEncoding = 4; lastKnownFileType = sourcecode.c.objc; path = AFNetworkActivityIndicatorManager.m; sourceTree = "<group>"; };
		980BE6541812BAF1008B53EE /* AFNetworking.h */ = {isa = PBXFileReference; fileEncoding = 4; lastKnownFileType = sourcecode.c.h; path = AFNetworking.h; sourceTree = "<group>"; };
		980BE6551812BAF1008B53EE /* AFPropertyListRequestOperation.h */ = {isa = PBXFileReference; fileEncoding = 4; lastKnownFileType = sourcecode.c.h; path = AFPropertyListRequestOperation.h; sourceTree = "<group>"; };
		980BE6561812BAF1008B53EE /* AFPropertyListRequestOperation.m */ = {isa = PBXFileReference; fileEncoding = 4; lastKnownFileType = sourcecode.c.objc; path = AFPropertyListRequestOperation.m; sourceTree = "<group>"; };
		980BE6571812BAF1008B53EE /* AFURLConnectionOperation.h */ = {isa = PBXFileReference; fileEncoding = 4; lastKnownFileType = sourcecode.c.h; path = AFURLConnectionOperation.h; sourceTree = "<group>"; };
		980BE6581812BAF1008B53EE /* AFURLConnectionOperation.m */ = {isa = PBXFileReference; fileEncoding = 4; lastKnownFileType = sourcecode.c.objc; path = AFURLConnectionOperation.m; sourceTree = "<group>"; };
		980BE6591812BAF1008B53EE /* AFXMLRequestOperation.h */ = {isa = PBXFileReference; fileEncoding = 4; lastKnownFileType = sourcecode.c.h; path = AFXMLRequestOperation.h; sourceTree = "<group>"; };
		980BE65A1812BAF1008B53EE /* AFXMLRequestOperation.m */ = {isa = PBXFileReference; fileEncoding = 4; lastKnownFileType = sourcecode.c.objc; path = AFXMLRequestOperation.m; sourceTree = "<group>"; };
		980BE65B1812BAF1008B53EE /* UIImageView+AFNetworking.h */ = {isa = PBXFileReference; fileEncoding = 4; lastKnownFileType = sourcecode.c.h; path = "UIImageView+AFNetworking.h"; sourceTree = "<group>"; };
		980BE65C1812BAF1008B53EE /* UIImageView+AFNetworking.m */ = {isa = PBXFileReference; fileEncoding = 4; lastKnownFileType = sourcecode.c.objc; path = "UIImageView+AFNetworking.m"; sourceTree = "<group>"; };
		98249F8A1815235200F8D96D /* TCellResult.h */ = {isa = PBXFileReference; fileEncoding = 4; lastKnownFileType = sourcecode.c.h; path = TCellResult.h; sourceTree = "<group>"; };
		98249F8B1815235200F8D96D /* TCellResult.m */ = {isa = PBXFileReference; fileEncoding = 4; lastKnownFileType = sourcecode.c.objc; path = TCellResult.m; sourceTree = "<group>"; };
		98249F8D1815238000F8D96D /* TCellApiResponse.h */ = {isa = PBXFileReference; fileEncoding = 4; lastKnownFileType = sourcecode.c.h; path = TCellApiResponse.h; sourceTree = "<group>"; };
		98249F8E1815238000F8D96D /* TCellApiResponse.m */ = {isa = PBXFileReference; fileEncoding = 4; lastKnownFileType = sourcecode.c.objc; path = TCellApiResponse.m; sourceTree = "<group>"; };
		985276E7185B044700714108 /* Utilities.h */ = {isa = PBXFileReference; fileEncoding = 4; lastKnownFileType = sourcecode.c.h; path = Utilities.h; sourceTree = "<group>"; };
		985276E8185B044700714108 /* Utilities.m */ = {isa = PBXFileReference; fileEncoding = 4; lastKnownFileType = sourcecode.c.objc; path = Utilities.m; sourceTree = "<group>"; };
		9882760E1822F5E900A537F3 /* TCellResultCodeDescription.h */ = {isa = PBXFileReference; fileEncoding = 4; lastKnownFileType = sourcecode.c.h; path = TCellResultCodeDescription.h; sourceTree = "<group>"; };
		9882760F1822F5E900A537F3 /* TCellResultCodeDescription.m */ = {isa = PBXFileReference; fileEncoding = 4; lastKnownFileType = sourcecode.c.objc; path = TCellResultCodeDescription.m; sourceTree = "<group>"; };
		988276191822FD5600A537F3 /* CoreGraphics.framework */ = {isa = PBXFileReference; lastKnownFileType = wrapper.framework; name = CoreGraphics.framework; path = System/Library/Frameworks/CoreGraphics.framework; sourceTree = SDKROOT; };
		988A1C8B1815C39F000BB840 /* SystemConfiguration.framework */ = {isa = PBXFileReference; lastKnownFileType = wrapper.framework; name = SystemConfiguration.framework; path = System/Library/Frameworks/SystemConfiguration.framework; sourceTree = SDKROOT; };
		988A1C8D1815C3B6000BB840 /* MobileCoreServices.framework */ = {isa = PBXFileReference; lastKnownFileType = wrapper.framework; name = MobileCoreServices.framework; path = System/Library/Frameworks/MobileCoreServices.framework; sourceTree = SDKROOT; };
		98CD8029181C7B8700CD451B /* GlobalVariables.h */ = {isa = PBXFileReference; fileEncoding = 4; lastKnownFileType = sourcecode.c.h; path = GlobalVariables.h; sourceTree = "<group>"; };
		98CD802A181C7B8700CD451B /* GlobalVariables.m */ = {isa = PBXFileReference; fileEncoding = 4; lastKnownFileType = sourcecode.c.objc; path = GlobalVariables.m; sourceTree = "<group>"; };
		98CD802B181C7B8700CD451B /* sha256.h */ = {isa = PBXFileReference; fileEncoding = 4; lastKnownFileType = sourcecode.c.h; path = sha256.h; sourceTree = "<group>"; };
		98CD802C181C7B8700CD451B /* sha256.m */ = {isa = PBXFileReference; fileEncoding = 4; lastKnownFileType = sourcecode.c.objc; path = sha256.m; sourceTree = "<group>"; };
/* End PBXFileReference section */

/* Begin PBXFrameworksBuildPhase section */
		980BE60B1812B8AF008B53EE /* Frameworks */ = {
			isa = PBXFrameworksBuildPhase;
			buildActionMask = 2147483647;
			files = (
				98244DB0181D8918001F31CB /* MobileCoreServices.framework in Frameworks */,
				98244DAF181D8911001F31CB /* SystemConfiguration.framework in Frameworks */,
				980BE6121812B8AF008B53EE /* Foundation.framework in Frameworks */,
			);
			runOnlyForDeploymentPostprocessing = 0;
		};
/* End PBXFrameworksBuildPhase section */

/* Begin PBXGroup section */
		980BE6051812B8AF008B53EE = {
			isa = PBXGroup;
			children = (
				980BE6131812B8AF008B53EE /* PushNotification */,
				980BE6101812B8AF008B53EE /* Frameworks */,
				980BE60F1812B8AF008B53EE /* Products */,
			);
			sourceTree = "<group>";
		};
		980BE60F1812B8AF008B53EE /* Products */ = {
			isa = PBXGroup;
			children = (
				980BE60E1812B8AF008B53EE /* libPushNotification.a */,
			);
			name = Products;
			sourceTree = "<group>";
		};
		980BE6101812B8AF008B53EE /* Frameworks */ = {
			isa = PBXGroup;
			children = (
				988A1C8D1815C3B6000BB840 /* MobileCoreServices.framework */,
				988A1C8B1815C39F000BB840 /* SystemConfiguration.framework */,
				980BE6111812B8AF008B53EE /* Foundation.framework */,
				980BE61F1812B8AF008B53EE /* XCTest.framework */,
				980BE6221812B8AF008B53EE /* UIKit.framework */,
				988276191822FD5600A537F3 /* CoreGraphics.framework */,
			);
			name = Frameworks;
			sourceTree = "<group>";
		};
		980BE6131812B8AF008B53EE /* PushNotification */ = {
			isa = PBXGroup;
			children = (
				98CD8028181C7B8700CD451B /* PrivateClasses */,
				980BE6491812BAF1008B53EE /* AFNetworking */,
				980BE63D1812BAC0008B53EE /* TCellNotificationManager.m */,
				980BE63E1812BAC0008B53EE /* TCellNotificationManager.h */,
				980BE6401812BAC0008B53EE /* TCellNotificationSettings.h */,
				980BE6411812BAC0008B53EE /* TCellNotificationSettings.m */,
				98249F8D1815238000F8D96D /* TCellApiResponse.h */,
				98249F8E1815238000F8D96D /* TCellApiResponse.m */,
				98249F8A1815235200F8D96D /* TCellResult.h */,
				98249F8B1815235200F8D96D /* TCellResult.m */,
				980BE6141812B8AF008B53EE /* Supporting Files */,
			);
			path = PushNotification;
			sourceTree = "<group>";
		};
		980BE6141812B8AF008B53EE /* Supporting Files */ = {
			isa = PBXGroup;
			children = (
				980BE6151812B8AF008B53EE /* PushNotification-Prefix.pch */,
			);
			name = "Supporting Files";
			sourceTree = "<group>";
		};
		980BE6491812BAF1008B53EE /* AFNetworking */ = {
			isa = PBXGroup;
			children = (
				980BE64A1812BAF1008B53EE /* AFHTTPClient.h */,
				980BE64B1812BAF1008B53EE /* AFHTTPClient.m */,
				980BE64C1812BAF1008B53EE /* AFHTTPRequestOperation.h */,
				980BE64D1812BAF1008B53EE /* AFHTTPRequestOperation.m */,
				980BE64E1812BAF1008B53EE /* AFImageRequestOperation.h */,
				980BE64F1812BAF1008B53EE /* AFImageRequestOperation.m */,
				980BE6501812BAF1008B53EE /* AFJSONRequestOperation.h */,
				980BE6511812BAF1008B53EE /* AFJSONRequestOperation.m */,
				980BE6521812BAF1008B53EE /* AFNetworkActivityIndicatorManager.h */,
				980BE6531812BAF1008B53EE /* AFNetworkActivityIndicatorManager.m */,
				980BE6541812BAF1008B53EE /* AFNetworking.h */,
				980BE6551812BAF1008B53EE /* AFPropertyListRequestOperation.h */,
				980BE6561812BAF1008B53EE /* AFPropertyListRequestOperation.m */,
				980BE6571812BAF1008B53EE /* AFURLConnectionOperation.h */,
				980BE6581812BAF1008B53EE /* AFURLConnectionOperation.m */,
				980BE6591812BAF1008B53EE /* AFXMLRequestOperation.h */,
				980BE65A1812BAF1008B53EE /* AFXMLRequestOperation.m */,
				980BE65B1812BAF1008B53EE /* UIImageView+AFNetworking.h */,
				980BE65C1812BAF1008B53EE /* UIImageView+AFNetworking.m */,
			);
			path = AFNetworking;
			sourceTree = "<group>";
		};
		98CD8028181C7B8700CD451B /* PrivateClasses */ = {
			isa = PBXGroup;
			children = (
				98CD8029181C7B8700CD451B /* GlobalVariables.h */,
				98CD802A181C7B8700CD451B /* GlobalVariables.m */,
				98CD802B181C7B8700CD451B /* sha256.h */,
				98CD802C181C7B8700CD451B /* sha256.m */,
				9882760E1822F5E900A537F3 /* TCellResultCodeDescription.h */,
				9882760F1822F5E900A537F3 /* TCellResultCodeDescription.m */,
				985276E7185B044700714108 /* Utilities.h */,
				985276E8185B044700714108 /* Utilities.m */,
			);
			path = PrivateClasses;
			sourceTree = "<group>";
		};
/* End PBXGroup section */

/* Begin PBXNativeTarget section */
		980BE60D1812B8AF008B53EE /* PushNotification */ = {
			isa = PBXNativeTarget;
			buildConfigurationList = 980BE6311812B8AF008B53EE /* Build configuration list for PBXNativeTarget "PushNotification" */;
			buildPhases = (
				98CB25451883F26100329FAC /* ShellScript */,
				980BE60A1812B8AF008B53EE /* Sources */,
				980BE60B1812B8AF008B53EE /* Frameworks */,
				980BE60C1812B8AF008B53EE /* CopyFiles */,
			);
			buildRules = (
			);
			dependencies = (
			);
			name = PushNotification;
			productName = PushNotification;
			productReference = 980BE60E1812B8AF008B53EE /* libPushNotification.a */;
			productType = "com.apple.product-type.library.static";
		};
/* End PBXNativeTarget section */

/* Begin PBXProject section */
		980BE6061812B8AF008B53EE /* Project object */ = {
			isa = PBXProject;
			attributes = {
				LastUpgradeCheck = 0510;
				ORGANIZATIONNAME = "Abdulbasıt Tanhan";
			};
			buildConfigurationList = 980BE6091812B8AF008B53EE /* Build configuration list for PBXProject "PushNotification" */;
			compatibilityVersion = "Xcode 3.2";
			developmentRegion = English;
			hasScannedForEncodings = 0;
			knownRegions = (
				en,
				Base,
			);
			mainGroup = 980BE6051812B8AF008B53EE;
			productRefGroup = 980BE60F1812B8AF008B53EE /* Products */;
			projectDirPath = "";
			projectRoot = "";
			targets = (
				980BE60D1812B8AF008B53EE /* PushNotification */,
				980BE6371812B8F0008B53EE /* TCellPushNotification */,
			);
		};
/* End PBXProject section */

/* Begin PBXShellScriptBuildPhase section */
		980BE63B1812B902008B53EE /* Build Static Libs */ = {
			isa = PBXShellScriptBuildPhase;
			buildActionMask = 2147483647;
			files = (
			);
			inputPaths = (
			);
			name = "Build Static Libs";
			outputPaths = (
			);
			runOnlyForDeploymentPostprocessing = 0;
			shellPath = /bin/sh;
			shellScript = "xcodebuild -project ${PROJECT_NAME}.xcodeproj -sdk iphonesimulator -target ${PROJECT_NAME} -configuration ${CONFIGURATION} clean build CONFIGURATION_BUILD_DIR=${BUILD_DIR}/${CONFIGURATION}-iphonesimulator\n\nxcodebuild -project ${PROJECT_NAME}.xcodeproj -sdk iphoneos -target ${PROJECT_NAME} -configuration ${CONFIGURATION} clean build CONFIGURATION_BUILD_DIR=${BUILD_DIR}/${CONFIGURATION}-iphoneos\n\n#xcodebuild -project ${PROJECT_NAME}.xcodeproj -sdk iphoneos -target ${PROJECT_NAME}Bundle -configuration ${CONFIGURATION} clean build CONFIGURATION_BUILD_DIR=${BUILD_DIR}/${CONFIGURATION}-iphoneos";
		};
		980BE63C1812B91B008B53EE /* Build Universal Framework */ = {
			isa = PBXShellScriptBuildPhase;
			buildActionMask = 2147483647;
			files = (
			);
			inputPaths = (
			);
			name = "Build Universal Framework";
			outputPaths = (
			);
			runOnlyForDeploymentPostprocessing = 0;
			shellPath = /bin/sh;
			shellScript = "SIMULATOR_LIBRARY_PATH=\"${BUILD_DIR}/${CONFIGURATION}-iphonesimulator/lib${PROJECT_NAME}.a\" &&\nSIMULATOR_LIBRARY_INCLUDE_PATH=\"${BUILD_DIR}/${CONFIGURATION}-iphonesimulator/include/${PROJECT_NAME}\" &&\nDEVICE_LIBRARY_PATH=\"${BUILD_DIR}/${CONFIGURATION}-iphoneos/lib${PROJECT_NAME}.a\" &&\nBUNDLE_LIBRARY_PATH=\"${BUILD_DIR}/${CONFIGURATION}-iphoneos/${PROJECT_NAME}Bundle.bundle\" &&\nUNIVERSAL_LIBRARY_DIR=\"${BUILD_DIR}/${CONFIGURATION}-iphoneuniversal\" &&\nUNIVERSAL_LIBRARY_PATH=\"${UNIVERSAL_LIBRARY_DIR}/${PRODUCT_NAME}\" &&\nFRAMEWORK=\"${UNIVERSAL_LIBRARY_DIR}/${PRODUCT_NAME}.framework\" &&\n\n# Create framework directory structure.\nrm -rf \"${FRAMEWORK}\" &&\nmkdir -p \"${UNIVERSAL_LIBRARY_DIR}\" &&\nmkdir -p \"${FRAMEWORK}/Versions/A/Headers\" &&\nmkdir -p \"${FRAMEWORK}/Versions/A/Resources\" &&\n\n# Generate universal binary for the device and simulator.\nlipo -create \"${SIMULATOR_LIBRARY_PATH}\" \"${DEVICE_LIBRARY_PATH}\" -output \"${UNIVERSAL_LIBRARY_PATH}\" &&\n\n# Move files to appropriate locations in framework paths.\ncp \"${UNIVERSAL_LIBRARY_PATH}\" \"${FRAMEWORK}/Versions/A\" &&\nln -s \"A\" \"${FRAMEWORK}/Versions/Current\" &&\nln -s \"Versions/Current/Headers\" \"${FRAMEWORK}/Headers\" &&\nln -s \"Versions/Current/Resources\" \"${FRAMEWORK}/Resources\" &&\nln -s \"Versions/Current/${PRODUCT_NAME}\" \"${FRAMEWORK}/${PRODUCT_NAME}\" &&\n\ncp \"${SIMULATOR_LIBRARY_INCLUDE_PATH}/TCellNotificationManager.h\" \"${FRAMEWORK}/Headers/\" &&\ncp \"${SIMULATOR_LIBRARY_INCLUDE_PATH}/TCellNotificationSettings.h\" \"${FRAMEWORK}/Headers/\" &&\ncp \"${SIMULATOR_LIBRARY_INCLUDE_PATH}/TCellApiResponse.h\" \"${FRAMEWORK}/Headers/\" &&\ncp \"${SIMULATOR_LIBRARY_INCLUDE_PATH}/TCellResult.h\" \"${FRAMEWORK}/Headers/\"\n\n#cp -r \"${BUNDLE_LIBRARY_PATH}\" \"${FRAMEWORK}/Resources/\"";
		};
		98CB25451883F26100329FAC /* ShellScript */ = {
			isa = PBXShellScriptBuildPhase;
			buildActionMask = 2147483647;
			files = (
			);
			inputPaths = (
			);
			outputPaths = (
			);
			runOnlyForDeploymentPostprocessing = 0;
			shellPath = /bin/sh;
			shellScript = "REV=`svnversion -n`\necho \"#ifndef REVISION\"      >  ${PROJECT_DIR}/revision.h\necho \"#define REVISION $REV\" >> ${PROJECT_DIR}/revision.h\necho \"#endif\"                >> ${PROJECT_DIR}/revision.h";
		};
/* End PBXShellScriptBuildPhase section */

/* Begin PBXSourcesBuildPhase section */
		980BE60A1812B8AF008B53EE /* Sources */ = {
			isa = PBXSourcesBuildPhase;
			buildActionMask = 2147483647;
			files = (
				980BE6631812BAF1008B53EE /* AFURLConnectionOperation.m in Sources */,
				980BE6651812BAF1008B53EE /* UIImageView+AFNetworking.m in Sources */,
				980BE65F1812BAF1008B53EE /* AFImageRequestOperation.m in Sources */,
				980BE65E1812BAF1008B53EE /* AFHTTPRequestOperation.m in Sources */,
				98249F8C1815235200F8D96D /* TCellResult.m in Sources */,
				980BE65D1812BAF1008B53EE /* AFHTTPClient.m in Sources */,
				98CD802D181C7B8700CD451B /* GlobalVariables.m in Sources */,
				98249F8F1815238000F8D96D /* TCellApiResponse.m in Sources */,
				980BE6641812BAF1008B53EE /* AFXMLRequestOperation.m in Sources */,
				988276101822F5E900A537F3 /* TCellResultCodeDescription.m in Sources */,
				980BE6471812BAC0008B53EE /* TCellNotificationSettings.m in Sources */,
				980BE6601812BAF1008B53EE /* AFJSONRequestOperation.m in Sources */,
				980BE6451812BAC0008B53EE /* TCellNotificationManager.m in Sources */,
				98CD802E181C7B8700CD451B /* sha256.m in Sources */,
				980BE6621812BAF1008B53EE /* AFPropertyListRequestOperation.m in Sources */,
				985276E9185B044700714108 /* Utilities.m in Sources */,
				980BE6611812BAF1008B53EE /* AFNetworkActivityIndicatorManager.m in Sources */,
			);
			runOnlyForDeploymentPostprocessing = 0;
		};
/* End PBXSourcesBuildPhase section */

/* Begin XCBuildConfiguration section */
		980BE62F1812B8AF008B53EE /* Debug */ = {
			isa = XCBuildConfiguration;
			buildSettings = {
				ALWAYS_SEARCH_USER_PATHS = NO;
				CLANG_CXX_LANGUAGE_STANDARD = "gnu++0x";
				CLANG_CXX_LIBRARY = "libc++";
				CLANG_ENABLE_MODULES = YES;
				CLANG_ENABLE_OBJC_ARC = YES;
				CLANG_WARN_BOOL_CONVERSION = YES;
				CLANG_WARN_CONSTANT_CONVERSION = YES;
				CLANG_WARN_DIRECT_OBJC_ISA_USAGE = YES_ERROR;
				CLANG_WARN_EMPTY_BODY = YES;
				CLANG_WARN_ENUM_CONVERSION = YES;
				CLANG_WARN_INT_CONVERSION = YES;
				CLANG_WARN_OBJC_ROOT_CLASS = YES_ERROR;
				CLANG_WARN__DUPLICATE_METHOD_MATCH = YES;
				COPY_PHASE_STRIP = NO;
				GCC_C_LANGUAGE_STANDARD = gnu99;
				GCC_DYNAMIC_NO_PIC = NO;
				GCC_OPTIMIZATION_LEVEL = 0;
				GCC_PREPROCESSOR_DEFINITIONS = (
					"DEBUG=1",
					"$(inherited)",
				);
				GCC_SYMBOLS_PRIVATE_EXTERN = NO;
				GCC_WARN_64_TO_32_BIT_CONVERSION = YES;
				GCC_WARN_ABOUT_RETURN_TYPE = YES_ERROR;
				GCC_WARN_UNDECLARED_SELECTOR = YES;
				GCC_WARN_UNINITIALIZED_AUTOS = YES;
				GCC_WARN_UNUSED_FUNCTION = YES;
				GCC_WARN_UNUSED_VARIABLE = YES;
				IPHONEOS_DEPLOYMENT_TARGET = 5.0;
				ONLY_ACTIVE_ARCH = YES;
				SDKROOT = iphoneos;
				VALID_ARCHS = "armv7 armv7s i386";
			};
			name = Debug;
		};
		980BE6301812B8AF008B53EE /* Release */ = {
			isa = XCBuildConfiguration;
			buildSettings = {
				ALWAYS_SEARCH_USER_PATHS = NO;
				CLANG_CXX_LANGUAGE_STANDARD = "gnu++0x";
				CLANG_CXX_LIBRARY = "libc++";
				CLANG_ENABLE_MODULES = YES;
				CLANG_ENABLE_OBJC_ARC = YES;
				CLANG_WARN_BOOL_CONVERSION = YES;
				CLANG_WARN_CONSTANT_CONVERSION = YES;
				CLANG_WARN_DIRECT_OBJC_ISA_USAGE = YES_ERROR;
				CLANG_WARN_EMPTY_BODY = YES;
				CLANG_WARN_ENUM_CONVERSION = YES;
				CLANG_WARN_INT_CONVERSION = YES;
				CLANG_WARN_OBJC_ROOT_CLASS = YES_ERROR;
				CLANG_WARN__DUPLICATE_METHOD_MATCH = YES;
				COPY_PHASE_STRIP = YES;
				ENABLE_NS_ASSERTIONS = NO;
				GCC_C_LANGUAGE_STANDARD = gnu99;
				GCC_PREPROCESSOR_DEFINITIONS = "";
				GCC_WARN_64_TO_32_BIT_CONVERSION = YES;
				GCC_WARN_ABOUT_RETURN_TYPE = YES_ERROR;
				GCC_WARN_UNDECLARED_SELECTOR = YES;
				GCC_WARN_UNINITIALIZED_AUTOS = YES;
				GCC_WARN_UNUSED_FUNCTION = YES;
				GCC_WARN_UNUSED_VARIABLE = YES;
				IPHONEOS_DEPLOYMENT_TARGET = 5.0;
				SDKROOT = iphoneos;
				VALIDATE_PRODUCT = YES;
				VALID_ARCHS = "armv7 armv7s i386";
			};
			name = Release;
		};
		980BE6321812B8AF008B53EE /* Debug */ = {
			isa = XCBuildConfiguration;
			buildSettings = {
				CONFIGURATION_BUILD_DIR = "$(BUILD_DIR)/$(CONFIGURATION)$(EFFECTIVE_PLATFORM_NAME)";
				DSTROOT = /tmp/PushNotification.dst;
				GCC_PRECOMPILE_PREFIX_HEADER = YES;
				GCC_PREFIX_HEADER = "PushNotification/PushNotification-Prefix.pch";
				GCC_PREPROCESSOR_DEFINITIONS = (
					"$(inherited)",
					"DEBUG=1",
				);
				ONLY_ACTIVE_ARCH = NO;
				OTHER_LDFLAGS = "-ObjC";
				PRODUCT_NAME = "$(TARGET_NAME)";
				SKIP_INSTALL = YES;
				VALID_ARCHS = "armv7 armv7s i386 arm64";
			};
			name = Debug;
		};
		980BE6331812B8AF008B53EE /* Release */ = {
			isa = XCBuildConfiguration;
			buildSettings = {
				CONFIGURATION_BUILD_DIR = "$(BUILD_DIR)/$(CONFIGURATION)$(EFFECTIVE_PLATFORM_NAME)";
				DSTROOT = /tmp/PushNotification.dst;
				GCC_PRECOMPILE_PREFIX_HEADER = YES;
				GCC_PREFIX_HEADER = "PushNotification/PushNotification-Prefix.pch";
				GCC_PREPROCESSOR_DEFINITIONS = "";
				ONLY_ACTIVE_ARCH = NO;
				OTHER_LDFLAGS = "-ObjC";
				PRODUCT_NAME = "$(TARGET_NAME)";
				SKIP_INSTALL = YES;
				VALID_ARCHS = "armv7 armv7s i386 arm64";
			};
			name = Release;
		};
		980BE6391812B8F0008B53EE /* Debug */ = {
			isa = XCBuildConfiguration;
			buildSettings = {
				CONFIGURATION_BUILD_DIR = "$(BUILD_DIR)/$(CONFIGURATION)$(EFFECTIVE_PLATFORM_NAME)";
				ONLY_ACTIVE_ARCH = NO;
				PRODUCT_NAME = "$(TARGET_NAME)";
				VALID_ARCHS = "armv7 armv7s i386 arm64";
			};
			name = Debug;
		};
		980BE63A1812B8F0008B53EE /* Release */ = {
			isa = XCBuildConfiguration;
			buildSettings = {
				CONFIGURATION_BUILD_DIR = "$(BUILD_DIR)/$(CONFIGURATION)$(EFFECTIVE_PLATFORM_NAME)";
				ONLY_ACTIVE_ARCH = NO;
				PRODUCT_NAME = "$(TARGET_NAME)";
				VALID_ARCHS = "armv7 armv7s i386 arm64";
			};
			name = Release;
		};
		98DD199C182070D400D4F41A /* Prod */ = {
			isa = XCBuildConfiguration;
			buildSettings = {
				ALWAYS_SEARCH_USER_PATHS = NO;
				CLANG_CXX_LANGUAGE_STANDARD = "gnu++0x";
				CLANG_CXX_LIBRARY = "libc++";
				CLANG_ENABLE_MODULES = YES;
				CLANG_ENABLE_OBJC_ARC = YES;
				CLANG_WARN_BOOL_CONVERSION = YES;
				CLANG_WARN_CONSTANT_CONVERSION = YES;
				CLANG_WARN_DIRECT_OBJC_ISA_USAGE = YES_ERROR;
				CLANG_WARN_EMPTY_BODY = YES;
				CLANG_WARN_ENUM_CONVERSION = YES;
				CLANG_WARN_INT_CONVERSION = YES;
				CLANG_WARN_OBJC_ROOT_CLASS = YES_ERROR;
				CLANG_WARN__DUPLICATE_METHOD_MATCH = YES;
				COPY_PHASE_STRIP = YES;
				ENABLE_NS_ASSERTIONS = NO;
				GCC_C_LANGUAGE_STANDARD = gnu99;
				GCC_PREPROCESSOR_DEFINITIONS = (
					"$(inherited)",
					"PROD=1",
				);
				GCC_WARN_64_TO_32_BIT_CONVERSION = YES;
				GCC_WARN_ABOUT_RETURN_TYPE = YES_ERROR;
				GCC_WARN_UNDECLARED_SELECTOR = YES;
				GCC_WARN_UNINITIALIZED_AUTOS = YES;
				GCC_WARN_UNUSED_FUNCTION = YES;
				GCC_WARN_UNUSED_VARIABLE = YES;
				IPHONEOS_DEPLOYMENT_TARGET = 5.0;
				SDKROOT = iphoneos;
				VALIDATE_PRODUCT = YES;
				VALID_ARCHS = "armv7 armv7s i386";
			};
			name = Prod;
		};
		98DD199D182070D400D4F41A /* Prod */ = {
			isa = XCBuildConfiguration;
			buildSettings = {
				CONFIGURATION_BUILD_DIR = "$(BUILD_DIR)/$(CONFIGURATION)$(EFFECTIVE_PLATFORM_NAME)";
				DSTROOT = /tmp/PushNotification.dst;
				GCC_PRECOMPILE_PREFIX_HEADER = YES;
				GCC_PREFIX_HEADER = "PushNotification/PushNotification-Prefix.pch";
				GCC_PREPROCESSOR_DEFINITIONS = "PROD=1";
				ONLY_ACTIVE_ARCH = NO;
				OTHER_LDFLAGS = "-ObjC";
				PRODUCT_NAME = "$(TARGET_NAME)";
				SKIP_INSTALL = YES;
				VALID_ARCHS = "armv7 armv7s i386 arm64";
			};
			name = Prod;
		};
		98DD199F182070D400D4F41A /* Prod */ = {
			isa = XCBuildConfiguration;
			buildSettings = {
				CONFIGURATION_BUILD_DIR = "$(BUILD_DIR)/$(CONFIGURATION)$(EFFECTIVE_PLATFORM_NAME)";
				GCC_PREPROCESSOR_DEFINITIONS = "PROD=1";
				ONLY_ACTIVE_ARCH = NO;
				PRODUCT_NAME = "$(TARGET_NAME)";
				VALID_ARCHS = "armv7 armv7s i386 arm64";
			};
			name = Prod;
		};
		98DD19A0182070E800D4F41A /* Test */ = {
			isa = XCBuildConfiguration;
			buildSettings = {
				ALWAYS_SEARCH_USER_PATHS = NO;
				CLANG_CXX_LANGUAGE_STANDARD = "gnu++0x";
				CLANG_CXX_LIBRARY = "libc++";
				CLANG_ENABLE_MODULES = YES;
				CLANG_ENABLE_OBJC_ARC = YES;
				CLANG_WARN_BOOL_CONVERSION = YES;
				CLANG_WARN_CONSTANT_CONVERSION = YES;
				CLANG_WARN_DIRECT_OBJC_ISA_USAGE = YES_ERROR;
				CLANG_WARN_EMPTY_BODY = YES;
				CLANG_WARN_ENUM_CONVERSION = YES;
				CLANG_WARN_INT_CONVERSION = YES;
				CLANG_WARN_OBJC_ROOT_CLASS = YES_ERROR;
				CLANG_WARN__DUPLICATE_METHOD_MATCH = YES;
				COPY_PHASE_STRIP = YES;
				ENABLE_NS_ASSERTIONS = NO;
				GCC_C_LANGUAGE_STANDARD = gnu99;
				GCC_PREPROCESSOR_DEFINITIONS = "$(inherited)";
				GCC_WARN_64_TO_32_BIT_CONVERSION = YES;
				GCC_WARN_ABOUT_RETURN_TYPE = YES_ERROR;
				GCC_WARN_UNDECLARED_SELECTOR = YES;
				GCC_WARN_UNINITIALIZED_AUTOS = YES;
				GCC_WARN_UNUSED_FUNCTION = YES;
				GCC_WARN_UNUSED_VARIABLE = YES;
				IPHONEOS_DEPLOYMENT_TARGET = 5.0;
				SDKROOT = iphoneos;
				VALIDATE_PRODUCT = YES;
				VALID_ARCHS = "armv7 armv7s i386";
			};
			name = Test;
		};
		98DD19A1182070E800D4F41A /* Test */ = {
			isa = XCBuildConfiguration;
			buildSettings = {
				CONFIGURATION_BUILD_DIR = "$(BUILD_DIR)/$(CONFIGURATION)$(EFFECTIVE_PLATFORM_NAME)";
				DSTROOT = /tmp/PushNotification.dst;
				GCC_PRECOMPILE_PREFIX_HEADER = YES;
				GCC_PREFIX_HEADER = "PushNotification/PushNotification-Prefix.pch";
				GCC_PREPROCESSOR_DEFINITIONS = "";
				ONLY_ACTIVE_ARCH = NO;
				OTHER_LDFLAGS = "-ObjC";
				PRODUCT_NAME = "$(TARGET_NAME)";
				SKIP_INSTALL = YES;
				VALID_ARCHS = "armv7 armv7s i386 arm64";
			};
			name = Test;
		};
		98DD19A3182070E800D4F41A /* Test */ = {
			isa = XCBuildConfiguration;
			buildSettings = {
				CONFIGURATION_BUILD_DIR = "$(BUILD_DIR)/$(CONFIGURATION)$(EFFECTIVE_PLATFORM_NAME)";
				GCC_PREPROCESSOR_DEFINITIONS = "$(inherited)";
				ONLY_ACTIVE_ARCH = NO;
				PRODUCT_NAME = "$(TARGET_NAME)";
				VALID_ARCHS = "armv7 armv7s i386 arm64";
			};
			name = Test;
		};
/* End XCBuildConfiguration section */

/* Begin XCConfigurationList section */
		980BE6091812B8AF008B53EE /* Build configuration list for PBXProject "PushNotification" */ = {
			isa = XCConfigurationList;
			buildConfigurations = (
				980BE62F1812B8AF008B53EE /* Debug */,
				980BE6301812B8AF008B53EE /* Release */,
				98DD19A0182070E800D4F41A /* Test */,
				98DD199C182070D400D4F41A /* Prod */,
			);
			defaultConfigurationIsVisible = 0;
			defaultConfigurationName = Release;
		};
		980BE6311812B8AF008B53EE /* Build configuration list for PBXNativeTarget "PushNotification" */ = {
			isa = XCConfigurationList;
			buildConfigurations = (
				980BE6321812B8AF008B53EE /* Debug */,
				980BE6331812B8AF008B53EE /* Release */,
				98DD19A1182070E800D4F41A /* Test */,
				98DD199D182070D400D4F41A /* Prod */,
			);
			defaultConfigurationIsVisible = 0;
			defaultConfigurationName = Release;
		};
		980BE6381812B8F0008B53EE /* Build configuration list for PBXAggregateTarget "TCellPushNotification" */ = {
			isa = XCConfigurationList;
			buildConfigurations = (
				980BE6391812B8F0008B53EE /* Debug */,
				980BE63A1812B8F0008B53EE /* Release */,
				98DD19A3182070E800D4F41A /* Test */,
				98DD199F182070D400D4F41A /* Prod */,
			);
			defaultConfigurationIsVisible = 0;
			defaultConfigurationName = Release;
		};
/* End XCConfigurationList section */
	};
	rootObject = 980BE6061812B8AF008B53EE /* Project object */;
}
